
Microsoft Visual Studio Solution File, Format Version 12.00
# Visual Studio Version 17
VisualStudioVersion = 17.10.35201.131
MinimumVisualStudioVersion = 10.0.40219.1
Project("{FAE04EC0-301F-11D3-BF4B-00C04F79EFBC}") = "HillClimberVisualizer", "HillClimberVisualizer\HillClimberVisualizer.csproj", "{B6DD5E2C-4BF3-4C7D-8AA0-2F26BE7F0E0E}"
EndProject
Global
	GlobalSection(SolutionConfigurationPlatforms) = preSolution
		Debug|Any CPU = Debug|Any CPU
		Release|Any CPU = Release|Any CPU
	EndGlobalSection
	GlobalSection(ProjectConfigurationPlatforms) = postSolution
		{B6DD5E2C-4BF3-4C7D-8AA0-2F26BE7F0E0E}.Debug|Any CPU.ActiveCfg = Debug|Any CPU
		{B6DD5E2C-4BF3-4C7D-8AA0-2F26BE7F0E0E}.Debug|Any CPU.Build.0 = Debug|Any CPU
		{B6DD5E2C-4BF3-4C7D-8AA0-2F26BE7F0E0E}.Release|Any CPU.ActiveCfg = Release|Any CPU
		{B6DD5E2C-4BF3-4C7D-8AA0-2F26BE7F0E0E}.Release|Any CPU.Build.0 = Release|Any CPU
	EndGlobalSection
	GlobalSection(SolutionProperties) = preSolution
		HideSolutionNode = FALSE
	EndGlobalSection
	GlobalSection(ExtensibilityGlobals) = postSolution
		SolutionGuid = {4BFEFAB6-3E42-4F1F-A1B5-5EBD2ACACCD1}
	EndGlobalSection
EndGlobal
